
Microsoft Visual Studio Solution File, Format Version 12.00
# Visual Studio 15
VisualStudioVersion = 15.0.28307.1209
MinimumVisualStudioVersion = 10.0.40219.1
Project("{FAE04EC0-301F-11D3-BF4B-00C04F79EFBC}") = "PLL", "Inicio\PLL.csproj", "{B036B06A-2887-455A-A825-14D39DA657CA}"
EndProject
Project("{FAE04EC0-301F-11D3-BF4B-00C04F79EFBC}") = "BLL", "BLL\BLL.csproj", "{4C48BFDA-7D67-4215-BF18-B95A981A359F}"
EndProject
Global
	GlobalSection(SolutionConfigurationPlatforms) = preSolution
		Debug|Any CPU = Debug|Any CPU
		Release|Any CPU = Release|Any CPU
	EndGlobalSection
	GlobalSection(ProjectConfigurationPlatforms) = postSolution
		{B036B06A-2887-455A-A825-14D39DA657CA}.Debug|Any CPU.ActiveCfg = Debug|Any CPU
		{B036B06A-2887-455A-A825-14D39DA657CA}.Debug|Any CPU.Build.0 = Debug|Any CPU
		{B036B06A-2887-455A-A825-14D39DA657CA}.Release|Any CPU.ActiveCfg = Release|Any CPU
		{B036B06A-2887-455A-A825-14D39DA657CA}.Release|Any CPU.Build.0 = Release|Any CPU
		{4C48BFDA-7D67-4215-BF18-B95A981A359F}.Debug|Any CPU.ActiveCfg = Debug|Any CPU
		{4C48BFDA-7D67-4215-BF18-B95A981A359F}.Debug|Any CPU.Build.0 = Debug|Any CPU
		{4C48BFDA-7D67-4215-BF18-B95A981A359F}.Release|Any CPU.ActiveCfg = Release|Any CPU
		{4C48BFDA-7D67-4215-BF18-B95A981A359F}.Release|Any CPU.Build.0 = Release|Any CPU
	EndGlobalSection
	GlobalSection(SolutionProperties) = preSolution
		HideSolutionNode = FALSE
	EndGlobalSection
	GlobalSection(ExtensibilityGlobals) = postSolution
		SolutionGuid = {B9BF8ED1-44BD-4BF2-9AA9-B52EAC62172C}
	EndGlobalSection
EndGlobal
